// !$*UTF8*$!
{
	archiveVersion = 1;
	classes = {
	};
	objectVersion = 51;
	objects = {

/* Begin PBXBuildFile section */
		043FB8B29186A6DD52A6F355 /* Pods_Task.framework in Frameworks */ = {isa = PBXBuildFile; fileRef = 99FA3142FEC58A70903A4493 /* Pods_Task.framework */; };
		1890E535241BC3B700D3F1D7 /* AppDelegate.swift in Sources */ = {isa = PBXBuildFile; fileRef = 1890E534241BC3B700D3F1D7 /* AppDelegate.swift */; };
		1890E537241BC3B700D3F1D7 /* ViewController.swift in Sources */ = {isa = PBXBuildFile; fileRef = 1890E536241BC3B700D3F1D7 /* ViewController.swift */; };
		1890E53A241BC3B700D3F1D7 /* Main.storyboard in Resources */ = {isa = PBXBuildFile; fileRef = 1890E538241BC3B700D3F1D7 /* Main.storyboard */; };
		1890E53D241BC3B700D3F1D7 /* Task.xcdatamodeld in Sources */ = {isa = PBXBuildFile; fileRef = 1890E53B241BC3B700D3F1D7 /* Task.xcdatamodeld */; };
		1890E53F241BC3C100D3F1D7 /* Assets.xcassets in Resources */ = {isa = PBXBuildFile; fileRef = 1890E53E241BC3C100D3F1D7 /* Assets.xcassets */; };
		1890E542241BC3C100D3F1D7 /* LaunchScreen.storyboard in Resources */ = {isa = PBXBuildFile; fileRef = 1890E540241BC3C100D3F1D7 /* LaunchScreen.storyboard */; };
		1890E54A241BEDB600D3F1D7 /* TableViewCell.swift in Sources */ = {isa = PBXBuildFile; fileRef = 1890E549241BEDB600D3F1D7 /* TableViewCell.swift */; };
		1890E54C241BF18500D3F1D7 /* ModalClass.swift in Sources */ = {isa = PBXBuildFile; fileRef = 1890E54B241BF18500D3F1D7 /* ModalClass.swift */; };
/* End PBXBuildFile section */

/* Begin PBXFileReference section */
		1890E531241BC3B700D3F1D7 /* Task.app */ = {isa = PBXFileReference; explicitFileType = wrapper.application; includeInIndex = 0; path = Task.app; sourceTree = BUILT_PRODUCTS_DIR; };
		1890E534241BC3B700D3F1D7 /* AppDelegate.swift */ = {isa = PBXFileReference; lastKnownFileType = sourcecode.swift; path = AppDelegate.swift; sourceTree = "<group>"; };
		1890E536241BC3B700D3F1D7 /* ViewController.swift */ = {isa = PBXFileReference; lastKnownFileType = sourcecode.swift; path = ViewController.swift; sourceTree = "<group>"; };
		1890E539241BC3B700D3F1D7 /* Base */ = {isa = PBXFileReference; lastKnownFileType = file.storyboard; name = Base; path = Base.lproj/Main.storyboard; sourceTree = "<group>"; };
		1890E53C241BC3B700D3F1D7 /* Task.xcdatamodel */ = {isa = PBXFileReference; lastKnownFileType = wrapper.xcdatamodel; path = Task.xcdatamodel; sourceTree = "<group>"; };
		1890E53E241BC3C100D3F1D7 /* Assets.xcassets */ = {isa = PBXFileReference; lastKnownFileType = folder.assetcatalog; path = Assets.xcassets; sourceTree = "<group>"; };
		1890E541241BC3C100D3F1D7 /* Base */ = {isa = PBXFileReference; lastKnownFileType = file.storyboard; name = Base; path = Base.lproj/LaunchScreen.storyboard; sourceTree = "<group>"; };
		1890E543241BC3C100D3F1D7 /* Info.plist */ = {isa = PBXFileReference; lastKnownFileType = text.plist.xml; path = Info.plist; sourceTree = "<group>"; };
		1890E549241BEDB600D3F1D7 /* TableViewCell.swift */ = {isa = PBXFileReference; lastKnownFileType = sourcecode.swift; path = TableViewCell.swift; sourceTree = "<group>"; };
		1890E54B241BF18500D3F1D7 /* ModalClass.swift */ = {isa = PBXFileReference; lastKnownFileType = sourcecode.swift; path = ModalClass.swift; sourceTree = "<group>"; };
		5BCCC7079CF69FB3D1E4657A /* Pods-Task.release.xcconfig */ = {isa = PBXFileReference; includeInIndex = 1; lastKnownFileType = text.xcconfig; name = "Pods-Task.release.xcconfig"; path = "Target Support Files/Pods-Task/Pods-Task.release.xcconfig"; sourceTree = "<group>"; };
		99FA3142FEC58A70903A4493 /* Pods_Task.framework */ = {isa = PBXFileReference; explicitFileType = wrapper.framework; includeInIndex = 0; path = Pods_Task.framework; sourceTree = BUILT_PRODUCTS_DIR; };
		F1E72D64C5922EECB5B56524 /* Pods-Task.debug.xcconfig */ = {isa = PBXFileReference; includeInIndex = 1; lastKnownFileType = text.xcconfig; name = "Pods-Task.debug.xcconfig"; path = "Target Support Files/Pods-Task/Pods-Task.debug.xcconfig"; sourceTree = "<group>"; };
/* End PBXFileReference section */

/* Begin PBXFrameworksBuildPhase section */
		1890E52E241BC3B700D3F1D7 /* Frameworks */ = {
			isa = PBXFrameworksBuildPhase;
			buildActionMask = 2147483647;
			files = (
				043FB8B29186A6DD52A6F355 /* Pods_Task.framework in Frameworks */,
			);
			runOnlyForDeploymentPostprocessing = 0;
		};
/* End PBXFrameworksBuildPhase section */

/* Begin PBXGroup section */
		1890E528241BC3B600D3F1D7 = {
			isa = PBXGroup;
			children = (
				1890E533241BC3B700D3F1D7 /* Task */,
				1890E532241BC3B700D3F1D7 /* Products */,
				9D4056DDD49BD56F636DE8FB /* Pods */,
				2DAAD3C80CEA2370E0DD0A7C /* Frameworks */,
			);
			sourceTree = "<group>";
		};
		1890E532241BC3B700D3F1D7 /* Products */ = {
			isa = PBXGroup;
			children = (
				1890E531241BC3B700D3F1D7 /* Task.app */,
			);
			name = Products;
			sourceTree = "<group>";
		};
		1890E533241BC3B700D3F1D7 /* Task */ = {
			isa = PBXGroup;
			children = (
				1890E534241BC3B700D3F1D7 /* AppDelegate.swift */,
				1890E54B241BF18500D3F1D7 /* ModalClass.swift */,
				1890E536241BC3B700D3F1D7 /* ViewController.swift */,
				1890E549241BEDB600D3F1D7 /* TableViewCell.swift */,
				1890E538241BC3B700D3F1D7 /* Main.storyboard */,
				1890E53E241BC3C100D3F1D7 /* Assets.xcassets */,
				1890E540241BC3C100D3F1D7 /* LaunchScreen.storyboard */,
				1890E543241BC3C100D3F1D7 /* Info.plist */,
				1890E53B241BC3B700D3F1D7 /* Task.xcdatamodeld */,
			);
			path = Task;
			sourceTree = "<group>";
		};
		2DAAD3C80CEA2370E0DD0A7C /* Frameworks */ = {
			isa = PBXGroup;
			children = (
				99FA3142FEC58A70903A4493 /* Pods_Task.framework */,
			);
			name = Frameworks;
			sourceTree = "<group>";
		};
		9D4056DDD49BD56F636DE8FB /* Pods */ = {
			isa = PBXGroup;
			children = (
				F1E72D64C5922EECB5B56524 /* Pods-Task.debug.xcconfig */,
				5BCCC7079CF69FB3D1E4657A /* Pods-Task.release.xcconfig */,
			);
			path = Pods;
			sourceTree = "<group>";
		};
/* End PBXGroup section */

/* Begin PBXNativeTarget section */
		1890E530241BC3B700D3F1D7 /* Task */ = {
			isa = PBXNativeTarget;
			buildConfigurationList = 1890E546241BC3C100D3F1D7 /* Build configuration list for PBXNativeTarget "Task" */;
			buildPhases = (
				7561F316BD4AEF80825B20ED /* [CP] Check Pods Manifest.lock */,
				1890E52D241BC3B700D3F1D7 /* Sources */,
				1890E52E241BC3B700D3F1D7 /* Frameworks */,
				1890E52F241BC3B700D3F1D7 /* Resources */,
				6368EED760B63A02D73EF385 /* [CP] Embed Pods Frameworks */,
			);
			buildRules = (
			);
			dependencies = (
			);
			name = Task;
			productName = Task;
			productReference = 1890E531241BC3B700D3F1D7 /* Task.app */;
			productType = "com.apple.product-type.application";
		};
/* End PBXNativeTarget section */

/* Begin PBXProject section */
		1890E529241BC3B600D3F1D7 /* Project object */ = {
			isa = PBXProject;
			attributes = {
				LastSwiftUpdateCheck = 1010;
				LastUpgradeCheck = 1010;
				ORGANIZATIONNAME = apple;
				TargetAttributes = {
					1890E530241BC3B700D3F1D7 = {
						CreatedOnToolsVersion = 10.1;
					};
				};
			};
			buildConfigurationList = 1890E52C241BC3B600D3F1D7 /* Build configuration list for PBXProject "Task" */;
			compatibilityVersion = "Xcode 9.3";
			developmentRegion = en;
			hasScannedForEncodings = 0;
			knownRegions = (
				en,
				Base,
			);
			mainGroup = 1890E528241BC3B600D3F1D7;
			productRefGroup = 1890E532241BC3B700D3F1D7 /* Products */;
			projectDirPath = "";
			projectRoot = "";
			targets = (
				1890E530241BC3B700D3F1D7 /* Task */,
			);
		};
/* End PBXProject section */

/* Begin PBXResourcesBuildPhase section */
		1890E52F241BC3B700D3F1D7 /* Resources */ = {
			isa = PBXResourcesBuildPhase;
			buildActionMask = 2147483647;
			files = (
				1890E542241BC3C100D3F1D7 /* LaunchScreen.storyboard in Resources */,
				1890E53F241BC3C100D3F1D7 /* Assets.xcassets in Resources */,
				1890E53A241BC3B700D3F1D7 /* Main.storyboard in Resources */,
			);
			runOnlyForDeploymentPostprocessing = 0;
		};
/* End PBXResourcesBuildPhase section */

/* Begin PBXShellScriptBuildPhase section */
		6368EED760B63A02D73EF385 /* [CP] Embed Pods Frameworks */ = {
			isa = PBXShellScriptBuildPhase;
			buildActionMask = 2147483647;
			files = (
			);
			inputFileListPaths = (
				"${PODS_ROOT}/Target Support Files/Pods-Task/Pods-Task-frameworks-${CONFIGURATION}-input-files.xcfilelist",
			);
			name = "[CP] Embed Pods Frameworks";
			outputFileListPaths = (
				"${PODS_ROOT}/Target Support Files/Pods-Task/Pods-Task-frameworks-${CONFIGURATION}-output-files.xcfilelist",
			);
			runOnlyForDeploymentPostprocessing = 0;
			shellPath = /bin/sh;
			shellScript = "\"${PODS_ROOT}/Target Support Files/Pods-Task/Pods-Task-frameworks.sh\"\n";
			showEnvVarsInLog = 0;
		};
		7561F316BD4AEF80825B20ED /* [CP] Check Pods Manifest.lock */ = {
			isa = PBXShellScriptBuildPhase;
			buildActionMask = 2147483647;
			files = (
			);
			inputFileListPaths = (
			);
			inputPaths = (
				"${PODS_PODFILE_DIR_PATH}/Podfile.lock",
				"${PODS_ROOT}/Manifest.lock",
			);
			name = "[CP] Check Pods Manifest.lock";
			outputFileListPaths = (
			);
			outputPaths = (
				"$(DERIVED_FILE_DIR)/Pods-Task-checkManifestLockResult.txt",
			);
			runOnlyForDeploymentPostprocessing = 0;
			shellPath = /bin/sh;
			shellScript = "diff \"${PODS_PODFILE_DIR_PATH}/Podfile.lock\" \"${PODS_ROOT}/Manifest.lock\" > /dev/null\nif [ $? != 0 ] ; then\n    # print error to STDERR\n    echo \"error: The sandbox is not in sync with the Podfile.lock. Run 'pod install' or update your CocoaPods installation.\" >&2\n    exit 1\nfi\n# This output is used by Xcode 'outputs' to avoid re-running this script phase.\necho \"SUCCESS\" > \"${SCRIPT_OUTPUT_FILE_0}\"\n";
			showEnvVarsInLog = 0;
		};
/* End PBXShellScriptBuildPhase section */

/* Begin PBXSourcesBuildPhase section */
		1890E52D241BC3B700D3F1D7 /* Sources */ = {
			isa = PBXSourcesBuildPhase;
			buildActionMask = 2147483647;
			files = (
				1890E53D241BC3B700D3F1D7 /* Task.xcdatamodeld in Sources */,
				1890E54A241BEDB600D3F1D7 /* TableViewCell.swift in Sources */,
				1890E537241BC3B700D3F1D7 /* ViewController.swift in Sources */,
				1890E535241BC3B700D3F1D7 /* AppDelegate.swift in Sources */,
				1890E54C241BF18500D3F1D7 /* ModalClass.swift in Sources */,
			);
			runOnlyForDeploymentPostprocessing = 0;
		};
/* End PBXSourcesBuildPhase section */

/* Begin PBXVariantGroup section */
		1890E538241BC3B700D3F1D7 /* Main.storyboard */ = {
			isa = PBXVariantGroup;
			children = (
				1890E539241BC3B700D3F1D7 /* Base */,
			);
			name = Main.storyboard;
			sourceTree = "<group>";
		};
		1890E540241BC3C100D3F1D7 /* LaunchScreen.storyboard */ = {
			isa = PBXVariantGroup;
			children = (
				1890E541241BC3C100D3F1D7 /* Base */,
			);
			name = LaunchScreen.storyboard;
			sourceTree = "<group>";
		};
/* End PBXVariantGroup section */

/* Begin XCBuildConfiguration section */
		1890E544241BC3C100D3F1D7 /* Debug */ = {
			isa = XCBuildConfiguration;
			buildSettings = {
				ALWAYS_SEARCH_USER_PATHS = NO;
				CLANG_ANALYZER_NONNULL = YES;
				CLANG_ANALYZER_NUMBER_OBJECT_CONVERSION = YES_AGGRESSIVE;
				CLANG_CXX_LANGUAGE_STANDARD = "gnu++14";
				CLANG_CXX_LIBRARY = "libc++";
				CLANG_ENABLE_MODULES = YES;
				CLANG_ENABLE_OBJC_ARC = YES;
				CLANG_ENABLE_OBJC_WEAK = YES;
				CLANG_WARN_BLOCK_CAPTURE_AUTORELEASING = YES;
				CLANG_WARN_BOOL_CONVERSION = YES;
				CLANG_WARN_COMMA = YES;
				CLANG_WARN_CONSTANT_CONVERSION = YES;
				CLANG_WARN_DEPRECATED_OBJC_IMPLEMENTATIONS = YES;
				CLANG_WARN_DIRECT_OBJC_ISA_USAGE = YES_ERROR;
				CLANG_WARN_DOCUMENTATION_COMMENTS = YES;
				CLANG_WARN_EMPTY_BODY = YES;
				CLANG_WARN_ENUM_CONVERSION = YES;
				CLANG_WARN_INFINITE_RECURSION = YES;
				CLANG_WARN_INT_CONVERSION = YES;
				CLANG_WARN_NON_LITERAL_NULL_CONVERSION = YES;
				CLANG_WARN_OBJC_IMPLICIT_RETAIN_SELF = YES;
				CLANG_WARN_OBJC_LITERAL_CONVERSION = YES;
				CLANG_WARN_OBJC_ROOT_CLASS = YES_ERROR;
				CLANG_WARN_RANGE_LOOP_ANALYSIS = YES;
				CLANG_WARN_STRICT_PROTOTYPES = YES;
				CLANG_WARN_SUSPICIOUS_MOVE = YES;
				CLANG_WARN_UNGUARDED_AVAILABILITY = YES_AGGRESSIVE;
				CLANG_WARN_UNREACHABLE_CODE = YES;
				CLANG_WARN__DUPLICATE_METHOD_MATCH = YES;
				CODE_SIGN_IDENTITY = "iPhone Developer";
				COPY_PHASE_STRIP = NO;
				DEBUG_INFORMATION_FORMAT = dwarf;
				ENABLE_STRICT_OBJC_MSGSEND = YES;
				ENABLE_TESTABILITY = YES;
				GCC_C_LANGUAGE_STANDARD = gnu11;
				GCC_DYNAMIC_NO_PIC = NO;
				GCC_NO_COMMON_BLOCKS = YES;
				GCC_OPTIMIZATION_LEVEL = 0;
				GCC_PREPROCESSOR_DEFINITIONS = (
					"DEBUG=1",
					"$(inherited)",
				);
				GCC_WARN_64_TO_32_BIT_CONVERSION = YES;
				GCC_WARN_ABOUT_RETURN_TYPE = YES_ERROR;
				GCC_WARN_UNDECLARED_SELECTOR = YES;
				GCC_WARN_UNINITIALIZED_AUTOS = YES_AGGRESSIVE;
				GCC_WARN_UNUSED_FUNCTION = YES;
				GCC_WARN_UNUSED_VARIABLE = YES;
				IPHONEOS_DEPLOYMENT_TARGET = 12.1;
				MTL_ENABLE_DEBUG_INFO = INCLUDE_SOURCE;
				MTL_FAST_MATH = YES;
				ONLY_ACTIVE_ARCH = YES;
				SDKROOT = iphoneos;
				SWIFT_ACTIVE_COMPILATION_CONDITIONS = DEBUG;
				SWIFT_OPTIMIZATION_LEVEL = "-Onone";
			};
			name = Debug;
		};
		1890E545241BC3C100D3F1D7 /* Release */ = {
			isa = XCBuildConfiguration;
			buildSettings = {
				ALWAYS_SEARCH_USER_PATHS = NO;
				CLANG_ANALYZER_NONNULL = YES;
				CLANG_ANALYZER_NUMBER_OBJECT_CONVERSION = YES_AGGRESSIVE;
				CLANG_CXX_LANGUAGE_STANDARD = "gnu++14";
				CLANG_CXX_LIBRARY = "libc++";
				CLANG_ENABLE_MODULES = YES;
				CLANG_ENABLE_OBJC_ARC = YES;
				CLANG_ENABLE_OBJC_WEAK = YES;
				CLANG_WARN_BLOCK_CAPTURE_AUTORELEASING = YES;
				CLANG_WARN_BOOL_CONVERSION = YES;
				CLANG_WARN_COMMA = YES;
				CLANG_WARN_CONSTANT_CONVERSION = YES;
				CLANG_WARN_DEPRECATED_OBJC_IMPLEMENTATIONS = YES;
				CLANG_WARN_DIRECT_OBJC_ISA_USAGE = YES_ERROR;
				CLANG_WARN_DOCUMENTATION_COMMENTS = YES;
				CLANG_WARN_EMPTY_BODY = YES;
				CLANG_WARN_ENUM_CONVERSION = YES;
				CLANG_WARN_INFINITE_RECURSION = YES;
				CLANG_WARN_INT_CONVERSION = YES;
				CLANG_WARN_NON_LITERAL_NULL_CONVERSION = YES;
				CLANG_WARN_OBJC_IMPLICIT_RETAIN_SELF = YES;
				CLANG_WARN_OBJC_LITERAL_CONVERSION = YES;
				CLANG_WARN_OBJC_ROOT_CLASS = YES_ERROR;
				CLANG_WARN_RANGE_LOOP_ANALYSIS = YES;
				CLANG_WARN_STRICT_PROTOTYPES = YES;
				CLANG_WARN_SUSPICIOUS_MOVE = YES;
				CLANG_WARN_UNGUARDED_AVAILABILITY = YES_AGGRESSIVE;
				CLANG_WARN_UNREACHABLE_CODE = YES;
				CLANG_WARN__DUPLICATE_METHOD_MATCH = YES;
				CODE_SIGN_IDENTITY = "iPhone Developer";
				COPY_PHASE_STRIP = NO;
				DEBUG_INFORMATION_FORMAT = "dwarf-with-dsym";
				ENABLE_NS_ASSERTIONS = NO;
				ENABLE_STRICT_OBJC_MSGSEND = YES;
				GCC_C_LANGUAGE_STANDARD = gnu11;
				GCC_NO_COMMON_BLOCKS = YES;
				GCC_WARN_64_TO_32_BIT_CONVERSION = YES;
				GCC_WARN_ABOUT_RETURN_TYPE = YES_ERROR;
				GCC_WARN_UNDECLARED_SELECTOR = YES;
				GCC_WARN_UNINITIALIZED_AUTOS = YES_AGGRESSIVE;
				GCC_WARN_UNUSED_FUNCTION = YES;
				GCC_WARN_UNUSED_VARIABLE = YES;
				IPHONEOS_DEPLOYMENT_TARGET = 12.1;
				MTL_ENABLE_DEBUG_INFO = NO;
				MTL_FAST_MATH = YES;
				SDKROOT = iphoneos;
				SWIFT_COMPILATION_MODE = wholemodule;
				SWIFT_OPTIMIZATION_LEVEL = "-O";
				VALIDATE_PRODUCT = YES;
			};
			name = Release;
		};
		1890E547241BC3C100D3F1D7 /* Debug */ = {
			isa = XCBuildConfiguration;
			baseConfigurationReference = F1E72D64C5922EECB5B56524 /* Pods-Task.debug.xcconfig */;
			buildSettings = {
				ASSETCATALOG_COMPILER_APPICON_NAME = AppIcon;
				CODE_SIGN_STYLE = Automatic;
				DEVELOPMENT_TEAM = APW62RJG79;
				INFOPLIST_FILE = Task/Info.plist;
				IPHONEOS_DEPLOYMENT_TARGET = 10.3;
				LD_RUNPATH_SEARCH_PATHS = (
					"$(inherited)",
					"@executable_path/Frameworks",
				);
				PRODUCT_BUNDLE_IDENTIFIER = DigitalWebies.Task;
				PRODUCT_NAME = "$(TARGET_NAME)";
				SWIFT_VERSION = 4.2;
				TARGETED_DEVICE_FAMILY = "1,2";
			};
			name = Debug;
		};
		1890E548241BC3C100D3F1D7 /* Release */ = {
			isa = XCBuildConfiguration;
			baseConfigurationReference = 5BCCC7079CF69FB3D1E4657A /* Pods-Task.release.xcconfig */;
			buildSettings = {
				ASSETCATALOG_COMPILER_APPICON_NAME = AppIcon;
				CODE_SIGN_STYLE = Automatic;
				DEVELOPMENT_TEAM = APW62RJG79;
				INFOPLIST_FILE = Task/Info.plist;
				IPHONEOS_DEPLOYMENT_TARGET = 10.3;
				LD_RUNPATH_SEARCH_PATHS = (
					"$(inherited)",
					"@executable_path/Frameworks",
				);
				PRODUCT_BUNDLE_IDENTIFIER = DigitalWebies.Task;
				PRODUCT_NAME = "$(TARGET_NAME)";
				SWIFT_VERSION = 4.2;
				TARGETED_DEVICE_FAMILY = "1,2";
			};
			name = Release;
		};
/* End XCBuildConfiguration section */

/* Begin XCConfigurationList section */
		1890E52C241BC3B600D3F1D7 /* Build configuration list for PBXProject "Task" */ = {
			isa = XCConfigurationList;
			buildConfigurations = (
				1890E544241BC3C100D3F1D7 /* Debug */,
				1890E545241BC3C100D3F1D7 /* Release */,
			);
			defaultConfigurationIsVisible = 0;
			defaultConfigurationName = Release;
		};
		1890E546241BC3C100D3F1D7 /* Build configuration list for PBXNativeTarget "Task" */ = {
			isa = XCConfigurationList;
			buildConfigurations = (
				1890E547241BC3C100D3F1D7 /* Debug */,
				1890E548241BC3C100D3F1D7 /* Release */,
			);
			defaultConfigurationIsVisible = 0;
			defaultConfigurationName = Release;
		};
/* End XCConfigurationList section */

/* Begin XCVersionGroup section */
		1890E53B241BC3B700D3F1D7 /* Task.xcdatamodeld */ = {
			isa = XCVersionGroup;
			children = (
				1890E53C241BC3B700D3F1D7 /* Task.xcdatamodel */,
			);
			currentVersion = 1890E53C241BC3B700D3F1D7 /* Task.xcdatamodel */;
			path = Task.xcdatamodeld;
			sourceTree = "<group>";
			versionGroupType = wrapper.xcdatamodel;
		};
/* End XCVersionGroup section */
	};
	rootObject = 1890E529241BC3B600D3F1D7 /* Project object */;
}
